
Microsoft Visual Studio Solution File, Format Version 12.00
# Visual Studio Version 17
VisualStudioVersion = 17.12.35707.178
MinimumVisualStudioVersion = 10.0.40219.1
Project("{FAE04EC0-301F-11D3-BF4B-00C04F79EFBC}") = "LoginSrv", "src\LoginSrv\LoginSrv.csproj", "{19CDEF64-EA3D-406C-A61B-49301F2394FB}"
EndProject
Project("{FAE04EC0-301F-11D3-BF4B-00C04F79EFBC}") = "N3.Server", "libs\N3.Server\N3.Server.csproj", "{A949227D-D7FB-4587-9456-0520126C64D4}"
EndProject
Project("{FAE04EC0-301F-11D3-BF4B-00C04F79EFBC}") = "N3.Transport", "libs\N3.Transport\N3.Transport.csproj", "{1E4EA551-1601-4283-99DF-BB6EBD94B84B}"
EndProject
Project("{2150E333-8FDC-42A3-9474-1A3956D46DE8}") = "libs", "libs", "{EB7B4128-208A-4200-AF7D-B414AA14253F}"
EndProject
Project("{FAE04EC0-301F-11D3-BF4B-00C04F79EFBC}") = "N3.GenTools", "libs\N3.GenTools\N3.GenTools.csproj", "{DF366363-6232-40F3-94B8-51B16C1488D2}"
EndProject
Project("{FAE04EC0-301F-11D3-BF4B-00C04F79EFBC}") = "Common", "src\Common\Common.csproj", "{81CFE3DC-103C-4750-A46D-15F5615E2C03}"
EndProject
Project("{FAE04EC0-301F-11D3-BF4B-00C04F79EFBC}") = "App", "src\App\App.csproj", "{EE4AB427-A905-4271-BC3D-F511948798F6}"
EndProject
Project("{FAE04EC0-301F-11D3-BF4B-00C04F79EFBC}") = "WorldSrv", "src\WorldSrv\WorldSrv.csproj", "{10DB61FE-2A7A-455A-842E-3549387CEDF2}"
EndProject
Project("{FAE04EC0-301F-11D3-BF4B-00C04F79EFBC}") = "WorldSrv.Hotfix", "src\WorldSrv.Hotfix\WorldSrv.Hotfix.csproj", "{417E84D2-E9A3-49B1-90B4-DAF09DF64F53}"
EndProject
Project("{FAE04EC0-301F-11D3-BF4B-00C04F79EFBC}") = "N3.AspNetCore", "libs\N3.AspNetCore\N3.AspNetCore.csproj", "{D4709842-FBC1-4DA0-B003-647F80AA156B}"
EndProject
Project("{FAE04EC0-301F-11D3-BF4B-00C04F79EFBC}") = "GameSrv", "src\GameSrv\GameSrv.csproj", "{98F65A6A-8052-46CC-9AA5-A56F32383F69}"
EndProject
Project("{FAE04EC0-301F-11D3-BF4B-00C04F79EFBC}") = "GameSrv.Hotfix", "src\GameSrv.Hotfix\GameSrv.Hotfix.csproj", "{19923984-6A4E-495A-B240-09DBB20D6D76}"
EndProject
Project("{FAE04EC0-301F-11D3-BF4B-00C04F79EFBC}") = "N3.Server.Tests", "libs\N3.Server.Tests\N3.Server.Tests.csproj", "{FC289CF3-8FB5-432B-95B0-D367415280FB}"
EndProject
Project("{FAE04EC0-301F-11D3-BF4B-00C04F79EFBC}") = "N3.Buffer", "libs\N3.Buffer\N3.Buffer.csproj", "{0BA3928A-CBD6-46D8-AD9D-A4DF11105DBE}"
EndProject
Project("{FAE04EC0-301F-11D3-BF4B-00C04F79EFBC}") = "N3.Base", "libs\N3.Base\N3.Base.csproj", "{458207C4-B67A-7747-4048-EC1C45938EF7}"
EndProject
Project("{FAE04EC0-301F-11D3-BF4B-00C04F79EFBC}") = "N3.NLog", "libs\N3.NLog\N3.NLog.csproj", "{0C838643-9047-4529-8DBB-37EFEBD79A3B}"
EndProject
Project("{FAE04EC0-301F-11D3-BF4B-00C04F79EFBC}") = "GateSrv", "src\GateSrv\GateSrv.csproj", "{2CA613DA-F2A4-4554-82C6-C05825408215}"
EndProject
Global
	GlobalSection(SolutionConfigurationPlatforms) = preSolution
		Debug|Any CPU = Debug|Any CPU
		Release|Any CPU = Release|Any CPU
	EndGlobalSection
	GlobalSection(ProjectConfigurationPlatforms) = postSolution
		{19CDEF64-EA3D-406C-A61B-49301F2394FB}.Debug|Any CPU.ActiveCfg = Debug|Any CPU
		{19CDEF64-EA3D-406C-A61B-49301F2394FB}.Debug|Any CPU.Build.0 = Debug|Any CPU
		{19CDEF64-EA3D-406C-A61B-49301F2394FB}.Release|Any CPU.ActiveCfg = Release|Any CPU
		{19CDEF64-EA3D-406C-A61B-49301F2394FB}.Release|Any CPU.Build.0 = Release|Any CPU
		{A949227D-D7FB-4587-9456-0520126C64D4}.Debug|Any CPU.ActiveCfg = Debug|Any CPU
		{A949227D-D7FB-4587-9456-0520126C64D4}.Debug|Any CPU.Build.0 = Debug|Any CPU
		{A949227D-D7FB-4587-9456-0520126C64D4}.Release|Any CPU.ActiveCfg = Release|Any CPU
		{A949227D-D7FB-4587-9456-0520126C64D4}.Release|Any CPU.Build.0 = Release|Any CPU
		{1E4EA551-1601-4283-99DF-BB6EBD94B84B}.Debug|Any CPU.ActiveCfg = Debug|Any CPU
		{1E4EA551-1601-4283-99DF-BB6EBD94B84B}.Debug|Any CPU.Build.0 = Debug|Any CPU
		{1E4EA551-1601-4283-99DF-BB6EBD94B84B}.Release|Any CPU.ActiveCfg = Release|Any CPU
		{1E4EA551-1601-4283-99DF-BB6EBD94B84B}.Release|Any CPU.Build.0 = Release|Any CPU
		{DF366363-6232-40F3-94B8-51B16C1488D2}.Debug|Any CPU.ActiveCfg = Debug|Any CPU
		{DF366363-6232-40F3-94B8-51B16C1488D2}.Debug|Any CPU.Build.0 = Debug|Any CPU
		{DF366363-6232-40F3-94B8-51B16C1488D2}.Release|Any CPU.ActiveCfg = Release|Any CPU
		{DF366363-6232-40F3-94B8-51B16C1488D2}.Release|Any CPU.Build.0 = Release|Any CPU
		{81CFE3DC-103C-4750-A46D-15F5615E2C03}.Debug|Any CPU.ActiveCfg = Debug|Any CPU
		{81CFE3DC-103C-4750-A46D-15F5615E2C03}.Debug|Any CPU.Build.0 = Debug|Any CPU
		{81CFE3DC-103C-4750-A46D-15F5615E2C03}.Release|Any CPU.ActiveCfg = Release|Any CPU
		{81CFE3DC-103C-4750-A46D-15F5615E2C03}.Release|Any CPU.Build.0 = Release|Any CPU
		{EE4AB427-A905-4271-BC3D-F511948798F6}.Debug|Any CPU.ActiveCfg = Debug|Any CPU
		{EE4AB427-A905-4271-BC3D-F511948798F6}.Debug|Any CPU.Build.0 = Debug|Any CPU
		{EE4AB427-A905-4271-BC3D-F511948798F6}.Release|Any CPU.ActiveCfg = Release|Any CPU
		{EE4AB427-A905-4271-BC3D-F511948798F6}.Release|Any CPU.Build.0 = Release|Any CPU
		{10DB61FE-2A7A-455A-842E-3549387CEDF2}.Debug|Any CPU.ActiveCfg = Debug|Any CPU
		{10DB61FE-2A7A-455A-842E-3549387CEDF2}.Debug|Any CPU.Build.0 = Debug|Any CPU
		{10DB61FE-2A7A-455A-842E-3549387CEDF2}.Release|Any CPU.ActiveCfg = Release|Any CPU
		{10DB61FE-2A7A-455A-842E-3549387CEDF2}.Release|Any CPU.Build.0 = Release|Any CPU
		{417E84D2-E9A3-49B1-90B4-DAF09DF64F53}.Debug|Any CPU.ActiveCfg = Debug|Any CPU
		{417E84D2-E9A3-49B1-90B4-DAF09DF64F53}.Debug|Any CPU.Build.0 = Debug|Any CPU
		{417E84D2-E9A3-49B1-90B4-DAF09DF64F53}.Release|Any CPU.ActiveCfg = Release|Any CPU
		{417E84D2-E9A3-49B1-90B4-DAF09DF64F53}.Release|Any CPU.Build.0 = Release|Any CPU
		{D4709842-FBC1-4DA0-B003-647F80AA156B}.Debug|Any CPU.ActiveCfg = Debug|Any CPU
		{D4709842-FBC1-4DA0-B003-647F80AA156B}.Debug|Any CPU.Build.0 = Debug|Any CPU
		{D4709842-FBC1-4DA0-B003-647F80AA156B}.Release|Any CPU.ActiveCfg = Release|Any CPU
		{D4709842-FBC1-4DA0-B003-647F80AA156B}.Release|Any CPU.Build.0 = Release|Any CPU
		{98F65A6A-8052-46CC-9AA5-A56F32383F69}.Debug|Any CPU.ActiveCfg = Debug|Any CPU
		{98F65A6A-8052-46CC-9AA5-A56F32383F69}.Debug|Any CPU.Build.0 = Debug|Any CPU
		{98F65A6A-8052-46CC-9AA5-A56F32383F69}.Release|Any CPU.ActiveCfg = Release|Any CPU
		{98F65A6A-8052-46CC-9AA5-A56F32383F69}.Release|Any CPU.Build.0 = Release|Any CPU
		{19923984-6A4E-495A-B240-09DBB20D6D76}.Debug|Any CPU.ActiveCfg = Debug|Any CPU
		{19923984-6A4E-495A-B240-09DBB20D6D76}.Debug|Any CPU.Build.0 = Debug|Any CPU
		{19923984-6A4E-495A-B240-09DBB20D6D76}.Release|Any CPU.ActiveCfg = Release|Any CPU
		{19923984-6A4E-495A-B240-09DBB20D6D76}.Release|Any CPU.Build.0 = Release|Any CPU
		{FC289CF3-8FB5-432B-95B0-D367415280FB}.Debug|Any CPU.ActiveCfg = Debug|Any CPU
		{FC289CF3-8FB5-432B-95B0-D367415280FB}.Debug|Any CPU.Build.0 = Debug|Any CPU
		{FC289CF3-8FB5-432B-95B0-D367415280FB}.Release|Any CPU.ActiveCfg = Release|Any CPU
		{FC289CF3-8FB5-432B-95B0-D367415280FB}.Release|Any CPU.Build.0 = Release|Any CPU
		{0BA3928A-CBD6-46D8-AD9D-A4DF11105DBE}.Debug|Any CPU.ActiveCfg = Debug|Any CPU
		{0BA3928A-CBD6-46D8-AD9D-A4DF11105DBE}.Debug|Any CPU.Build.0 = Debug|Any CPU
		{0BA3928A-CBD6-46D8-AD9D-A4DF11105DBE}.Release|Any CPU.ActiveCfg = Release|Any CPU
		{0BA3928A-CBD6-46D8-AD9D-A4DF11105DBE}.Release|Any CPU.Build.0 = Release|Any CPU
		{458207C4-B67A-7747-4048-EC1C45938EF7}.Debug|Any CPU.ActiveCfg = Debug|Any CPU
		{458207C4-B67A-7747-4048-EC1C45938EF7}.Debug|Any CPU.Build.0 = Debug|Any CPU
		{458207C4-B67A-7747-4048-EC1C45938EF7}.Release|Any CPU.ActiveCfg = Release|Any CPU
		{458207C4-B67A-7747-4048-EC1C45938EF7}.Release|Any CPU.Build.0 = Release|Any CPU
		{0C838643-9047-4529-8DBB-37EFEBD79A3B}.Debug|Any CPU.ActiveCfg = Debug|Any CPU
		{0C838643-9047-4529-8DBB-37EFEBD79A3B}.Debug|Any CPU.Build.0 = Debug|Any CPU
		{0C838643-9047-4529-8DBB-37EFEBD79A3B}.Release|Any CPU.ActiveCfg = Release|Any CPU
		{0C838643-9047-4529-8DBB-37EFEBD79A3B}.Release|Any CPU.Build.0 = Release|Any CPU
		{2CA613DA-F2A4-4554-82C6-C05825408215}.Debug|Any CPU.ActiveCfg = Debug|Any CPU
		{2CA613DA-F2A4-4554-82C6-C05825408215}.Debug|Any CPU.Build.0 = Debug|Any CPU
		{2CA613DA-F2A4-4554-82C6-C05825408215}.Release|Any CPU.ActiveCfg = Release|Any CPU
		{2CA613DA-F2A4-4554-82C6-C05825408215}.Release|Any CPU.Build.0 = Release|Any CPU
	EndGlobalSection
	GlobalSection(SolutionProperties) = preSolution
		HideSolutionNode = FALSE
	EndGlobalSection
	GlobalSection(NestedProjects) = preSolution
		{A949227D-D7FB-4587-9456-0520126C64D4} = {EB7B4128-208A-4200-AF7D-B414AA14253F}
		{1E4EA551-1601-4283-99DF-BB6EBD94B84B} = {EB7B4128-208A-4200-AF7D-B414AA14253F}
		{DF366363-6232-40F3-94B8-51B16C1488D2} = {EB7B4128-208A-4200-AF7D-B414AA14253F}
		{D4709842-FBC1-4DA0-B003-647F80AA156B} = {EB7B4128-208A-4200-AF7D-B414AA14253F}
		{FC289CF3-8FB5-432B-95B0-D367415280FB} = {EB7B4128-208A-4200-AF7D-B414AA14253F}
		{0BA3928A-CBD6-46D8-AD9D-A4DF11105DBE} = {EB7B4128-208A-4200-AF7D-B414AA14253F}
		{458207C4-B67A-7747-4048-EC1C45938EF7} = {EB7B4128-208A-4200-AF7D-B414AA14253F}
		{0C838643-9047-4529-8DBB-37EFEBD79A3B} = {EB7B4128-208A-4200-AF7D-B414AA14253F}
	EndGlobalSection
	GlobalSection(ExtensibilityGlobals) = postSolution
		SolutionGuid = {6FFF980F-BB07-442C-91E4-8F10030DE5B0}
	EndGlobalSection
EndGlobal
